
Microsoft Visual Studio Solution File, Format Version 12.00
# Visual Studio 15
VisualStudioVersion = 15.0.26730.16
MinimumVisualStudioVersion = 10.0.40219.1
Project("{FAE04EC0-301F-11D3-BF4B-00C04F79EFBC}") = "CheckRegister", "CheckRegister\CheckRegister.csproj", "{6FF12889-3F52-437F-A911-D82AD15ADB3B}"
EndProject
Project("{FAE04EC0-301F-11D3-BF4B-00C04F79EFBC}") = "CheckRegisterTests", "CheckRegisterTests\CheckRegisterTests.csproj", "{9AAAD060-FC7B-4CBE-B91F-4CA7F74E4B57}"
EndProject
Project("{FAE04EC0-301F-11D3-BF4B-00C04F79EFBC}") = "CommandLineCheckRegister", "CommandLineCheckRegister\CommandLineCheckRegister.csproj", "{93028D0E-9FD9-4826-99FF-66CF017E7414}"
EndProject
Project("{FAE04EC0-301F-11D3-BF4B-00C04F79EFBC}") = "AspNetCheckRegister", "AspNetCheckRegister\AspNetCheckRegister.csproj", "{F4184882-E648-432C-91A8-65BA77E7C5BF}"
EndProject
Project("{FAE04EC0-301F-11D3-BF4B-00C04F79EFBC}") = "AspNetMVCCheckRegister", "AspNetMVCCheckRegister\AspNetMVCCheckRegister.csproj", "{74F6F746-9BB4-4C85-A017-97F462530DEE}"
EndProject
Global
	GlobalSection(SolutionConfigurationPlatforms) = preSolution
		Debug|Any CPU = Debug|Any CPU
		Release|Any CPU = Release|Any CPU
	EndGlobalSection
	GlobalSection(ProjectConfigurationPlatforms) = postSolution
		{6FF12889-3F52-437F-A911-D82AD15ADB3B}.Debug|Any CPU.ActiveCfg = Debug|Any CPU
		{6FF12889-3F52-437F-A911-D82AD15ADB3B}.Debug|Any CPU.Build.0 = Debug|Any CPU
		{6FF12889-3F52-437F-A911-D82AD15ADB3B}.Release|Any CPU.ActiveCfg = Release|Any CPU
		{6FF12889-3F52-437F-A911-D82AD15ADB3B}.Release|Any CPU.Build.0 = Release|Any CPU
		{9AAAD060-FC7B-4CBE-B91F-4CA7F74E4B57}.Debug|Any CPU.ActiveCfg = Debug|Any CPU
		{9AAAD060-FC7B-4CBE-B91F-4CA7F74E4B57}.Debug|Any CPU.Build.0 = Debug|Any CPU
		{9AAAD060-FC7B-4CBE-B91F-4CA7F74E4B57}.Release|Any CPU.ActiveCfg = Release|Any CPU
		{9AAAD060-FC7B-4CBE-B91F-4CA7F74E4B57}.Release|Any CPU.Build.0 = Release|Any CPU
		{93028D0E-9FD9-4826-99FF-66CF017E7414}.Debug|Any CPU.ActiveCfg = Debug|Any CPU
		{93028D0E-9FD9-4826-99FF-66CF017E7414}.Debug|Any CPU.Build.0 = Debug|Any CPU
		{93028D0E-9FD9-4826-99FF-66CF017E7414}.Release|Any CPU.ActiveCfg = Release|Any CPU
		{93028D0E-9FD9-4826-99FF-66CF017E7414}.Release|Any CPU.Build.0 = Release|Any CPU
		{F4184882-E648-432C-91A8-65BA77E7C5BF}.Debug|Any CPU.ActiveCfg = Debug|Any CPU
		{F4184882-E648-432C-91A8-65BA77E7C5BF}.Debug|Any CPU.Build.0 = Debug|Any CPU
		{F4184882-E648-432C-91A8-65BA77E7C5BF}.Release|Any CPU.ActiveCfg = Release|Any CPU
		{F4184882-E648-432C-91A8-65BA77E7C5BF}.Release|Any CPU.Build.0 = Release|Any CPU
		{74F6F746-9BB4-4C85-A017-97F462530DEE}.Debug|Any CPU.ActiveCfg = Debug|Any CPU
		{74F6F746-9BB4-4C85-A017-97F462530DEE}.Debug|Any CPU.Build.0 = Debug|Any CPU
		{74F6F746-9BB4-4C85-A017-97F462530DEE}.Release|Any CPU.ActiveCfg = Release|Any CPU
		{74F6F746-9BB4-4C85-A017-97F462530DEE}.Release|Any CPU.Build.0 = Release|Any CPU
	EndGlobalSection
	GlobalSection(SolutionProperties) = preSolution
		HideSolutionNode = FALSE
	EndGlobalSection
	GlobalSection(ExtensibilityGlobals) = postSolution
		SolutionGuid = {55FF9851-DAC5-4419-827A-60F03CA26F0F}
	EndGlobalSection
EndGlobal
